{
    "_readme": [
        "This file locks the dependencies of your project to a known state",
        "Read more about it at https://getcomposer.org/doc/01-basic-usage.md#installing-dependencies",
        "This file is @generated automatically"
    ],
    "content-hash": "d8e9069a6d1847f38a02041dd316daa6",
    "packages": [
        {
            "name": "pavelmaksimov25/auto_merge_test_dep",
            "version": "dev-main",
            "source": {
                "type": "git",
                "url": "https://github.com/pavelmaksimov25/automerge_dep.git",
                "reference": "f4c2ee9f1837b08c55cbdff92d5d1b2dd5dd0211"
            },
            "dist": {
                "type": "zip",
                "url": "https://api.github.com/repos/pavelmaksimov25/automerge_dep/zipball/f4c2ee9f1837b08c55cbdff92d5d1b2dd5dd0211",
                "reference": "f4c2ee9f1837b08c55cbdff92d5d1b2dd5dd0211",
                "shasum": ""
            },
            "require": {
                "php": "^8.2"
            },
            "default-branch": true,
            "type": "library",
            "autoload": {
                "psr-4": {
                    "Pavelmaksimov25\\AutoMergeTestDep\\": "src/"
                }
            },
            "notification-url": "https://packagist.org/downloads/",
            "license": [
                "MIT"
            ],
            "description": "Test package for auto merge",
            "support": {
                "issues": "https://github.com/pavelmaksimov25/automerge_dep/issues",
                "source": "https://github.com/pavelmaksimov25/automerge_dep/tree/main"
            },
            "time": "2025-02-23T04:26:42+00:00"
        }
    ],
    "packages-dev": [],
    "aliases": [],
    "minimum-stability": "dev",
    "stability-flags": {
        "pavelmaksimov25/auto_merge_test_dep": 20
    },
    "prefer-stable": false,
    "prefer-lowest": false,
    "platform": {
        "php": "^8.2"
    },
    "platform-dev": {},
    "plugin-api-version": "2.6.0"
}
